
Microsoft Visual Studio Solution File, Format Version 12.00
# Visual Studio Version 17
VisualStudioVersion = 17.8.34330.188
MinimumVisualStudioVersion = 10.0.40219.1
Project("{FAE04EC0-301F-11D3-BF4B-00C04F79EFBC}") = "SchoolLibrary", "SchoolLibrary\SchoolLibrary.csproj", "{89411D67-0EA5-4EB2-8539-FAFA719A0980}"
EndProject
Project("{FAE04EC0-301F-11D3-BF4B-00C04F79EFBC}") = "SchoolLibraryTests", "SchoolLibraryTests\SchoolLibraryTests.csproj", "{DA53CB5E-B8A6-4415-A889-4B55B6305AF6}"
EndProject
Global
	GlobalSection(SolutionConfigurationPlatforms) = preSolution
		Debug|Any CPU = Debug|Any CPU
		Release|Any CPU = Release|Any CPU
	EndGlobalSection
	GlobalSection(ProjectConfigurationPlatforms) = postSolution
		{89411D67-0EA5-4EB2-8539-FAFA719A0980}.Debug|Any CPU.ActiveCfg = Debug|Any CPU
		{89411D67-0EA5-4EB2-8539-FAFA719A0980}.Debug|Any CPU.Build.0 = Debug|Any CPU
		{89411D67-0EA5-4EB2-8539-FAFA719A0980}.Release|Any CPU.ActiveCfg = Release|Any CPU
		{89411D67-0EA5-4EB2-8539-FAFA719A0980}.Release|Any CPU.Build.0 = Release|Any CPU
		{DA53CB5E-B8A6-4415-A889-4B55B6305AF6}.Debug|Any CPU.ActiveCfg = Debug|Any CPU
		{DA53CB5E-B8A6-4415-A889-4B55B6305AF6}.Debug|Any CPU.Build.0 = Debug|Any CPU
		{DA53CB5E-B8A6-4415-A889-4B55B6305AF6}.Release|Any CPU.ActiveCfg = Release|Any CPU
		{DA53CB5E-B8A6-4415-A889-4B55B6305AF6}.Release|Any CPU.Build.0 = Release|Any CPU
	EndGlobalSection
	GlobalSection(SolutionProperties) = preSolution
		HideSolutionNode = FALSE
	EndGlobalSection
	GlobalSection(ExtensibilityGlobals) = postSolution
		SolutionGuid = {4519E6F4-826E-49A0-B986-A22932E1A5A9}
	EndGlobalSection
EndGlobal
